
Microsoft Visual Studio Solution File, Format Version 12.00
# Visual Studio Version 17
VisualStudioVersion = 17.4.33103.184
MinimumVisualStudioVersion = 10.0.40219.1
Project("{FAE04EC0-301F-11D3-BF4B-00C04F79EFBC}") = "ServicioZK", "ServicioZK\ServicioZK.csproj", "{D3D68B49-FC07-4220-92EE-B4DC2C6D4FF2}"
EndProject
Global
	GlobalSection(SolutionConfigurationPlatforms) = preSolution
		Debug|Any CPU = Debug|Any CPU
		Release|Any CPU = Release|Any CPU
	EndGlobalSection
	GlobalSection(ProjectConfigurationPlatforms) = postSolution
		{D3D68B49-FC07-4220-92EE-B4DC2C6D4FF2}.Debug|Any CPU.ActiveCfg = Debug|Any CPU
		{D3D68B49-FC07-4220-92EE-B4DC2C6D4FF2}.Debug|Any CPU.Build.0 = Debug|Any CPU
		{D3D68B49-FC07-4220-92EE-B4DC2C6D4FF2}.Release|Any CPU.ActiveCfg = Release|Any CPU
		{D3D68B49-FC07-4220-92EE-B4DC2C6D4FF2}.Release|Any CPU.Build.0 = Release|Any CPU
	EndGlobalSection
	GlobalSection(SolutionProperties) = preSolution
		HideSolutionNode = FALSE
	EndGlobalSection
	GlobalSection(ExtensibilityGlobals) = postSolution
		SolutionGuid = {E6342D78-5342-4BD1-BC5B-32335E5C803C}
	EndGlobalSection
EndGlobal
